hash: 20f08c646e259d2ce84ca9f60c4ce4128ed82e079b65ea14e826315638de5b8d
updated: 2018-12-13T14:17:17.014418+08:00
imports:
- name: github.com/astaxie/beego
  version: 1b6edafc96ad27b6515fafeccd7339dda3e997b1
  subpackages:
  - logs
- name: github.com/beorn7/perks
  version: 3a771d992973f24aa725d07868b467d1ddfceafb
  subpackages:
  - quantile
- name: github.com/copernet/copernicus
  version: 172cf02ec64839d30f16152989d6d441fe067a5f
  subpackages:
  - rpc/btcjson
- name: github.com/golang/protobuf
  version: 1d3f30b51784bec5aad268e59fd3c2fc1c2fe73f
  subpackages:
  - proto
- name: github.com/matttproud/golang_protobuf_extensions
  version: c12348ce28de40eed0136aa2b644d0ee0650e56c
  subpackages:
  - pbutil
- name: github.com/prometheus/client_golang
  version: 505eaef017263e299324067d40ca2c48f6a2cf50
  subpackages:
  - prometheus
  - prometheus/internal
  - prometheus/promhttp
- name: github.com/prometheus/client_model
  version: 5c3871d89910bfb32f5fcab2aa4b9ec68e65a99f
  subpackages:
  - go
- name: github.com/prometheus/common
  version: 4724e9255275ce38f7179b2478abeae4e28c904f
  subpackages:
  - expfmt
  - internal/bitbucket.org/ww/goautoneg
  - model
- name: github.com/prometheus/procfs
  version: 1dc9a6cbc91aacc3e8b2d63db4d2e957a5394ac4
  subpackages:
  - internal/util
  - nfs
  - xfs
testImports: []
